
Microsoft Visual Studio Solution File, Format Version 12.00
# Visual Studio Version 17
VisualStudioVersion = 17.13.35931.197 d17.13
MinimumVisualStudioVersion = 10.0.40219.1
Project("{FAE04EC0-301F-11D3-BF4B-00C04F79EFBC}") = "TodoApp", "TodoApp\TodoApp.csproj", "{C470680D-8532-47B9-9EA8-AA7F35094412}"
EndProject
Global
	GlobalSection(SolutionConfigurationPlatforms) = preSolution
		Debug|Any CPU = Debug|Any CPU
		Release|Any CPU = Release|Any CPU
	EndGlobalSection
	GlobalSection(ProjectConfigurationPlatforms) = postSolution
		{C470680D-8532-47B9-9EA8-AA7F35094412}.Debug|Any CPU.ActiveCfg = Debug|Any CPU
		{C470680D-8532-47B9-9EA8-AA7F35094412}.Debug|Any CPU.Build.0 = Debug|Any CPU
		{C470680D-8532-47B9-9EA8-AA7F35094412}.Release|Any CPU.ActiveCfg = Release|Any CPU
		{C470680D-8532-47B9-9EA8-AA7F35094412}.Release|Any CPU.Build.0 = Release|Any CPU
	EndGlobalSection
	GlobalSection(SolutionProperties) = preSolution
		HideSolutionNode = FALSE
	EndGlobalSection
	GlobalSection(ExtensibilityGlobals) = postSolution
		SolutionGuid = {B58083A3-C508-48D8-A46F-663D976F2CED}
	EndGlobalSection
EndGlobal
